
Microsoft Visual Studio Solution File, Format Version 12.00
# Visual Studio 15
VisualStudioVersion = 15.0.28010.2050
MinimumVisualStudioVersion = 10.0.40219.1
Project("{FAE04EC0-301F-11D3-BF4B-00C04F79EFBC}") = "ManyToMany", "ManyToMany\ManyToMany.csproj", "{9BFF2258-C921-4DD2-840C-237E0C9E5159}"
EndProject
Global
	GlobalSection(SolutionConfigurationPlatforms) = preSolution
		Debug|Any CPU = Debug|Any CPU
		Release|Any CPU = Release|Any CPU
	EndGlobalSection
	GlobalSection(ProjectConfigurationPlatforms) = postSolution
		{9BFF2258-C921-4DD2-840C-237E0C9E5159}.Debug|Any CPU.ActiveCfg = Debug|Any CPU
		{9BFF2258-C921-4DD2-840C-237E0C9E5159}.Debug|Any CPU.Build.0 = Debug|Any CPU
		{9BFF2258-C921-4DD2-840C-237E0C9E5159}.Release|Any CPU.ActiveCfg = Release|Any CPU
		{9BFF2258-C921-4DD2-840C-237E0C9E5159}.Release|Any CPU.Build.0 = Release|Any CPU
	EndGlobalSection
	GlobalSection(SolutionProperties) = preSolution
		HideSolutionNode = FALSE
	EndGlobalSection
	GlobalSection(ExtensibilityGlobals) = postSolution
		SolutionGuid = {9E486089-99E0-4A50-BE59-E6556E9B169D}
	EndGlobalSection
EndGlobal
